{
  "name": "xtal-element",
  "version": "0.0.632",
  "lockfileVersion": 3,
  "requires": true,
  "packages": {
    "": {
      "name": "xtal-element",
      "version": "0.0.632",
      "license": "MIT",
      "dependencies": {
        "blow-dry": "0.0.11",
        "trans-render": "0.0.958"
      },
      "devDependencies": {
        "@playwright/test": "1.55.0",
        "spa-ssi": "0.0.10"
      }
    },
    "node_modules/@playwright/test": {
      "version": "1.55.0",
      "resolved": "https://registry.npmjs.org/@playwright/test/-/test-1.55.0.tgz",
      "integrity": "sha512-04IXzPwHrW69XusN/SIdDdKZBzMfOT9UNT/YiJit/xpy2VuAoB8NHc8Aplb96zsWDddLnbkPL3TsmrS04ZU2xQ==",
      "dev": true,
      "license": "Apache-2.0",
      "dependencies": {
        "playwright": "1.55.0"
      },
      "bin": {
        "playwright": "cli.js"
      },
      "engines": {
        "node": ">=18"
      }
    },
    "node_modules/blow-dry": {
      "version": "0.0.11",
      "resolved": "https://registry.npmjs.org/blow-dry/-/blow-dry-0.0.11.tgz",
      "integrity": "sha512-GJC9OTEDQRti0mlAZ2tHPRyDOod2pr7ZXa08Ze9MM/cQ+fFDXOdArL9H08/R7Xnftb/rNBIUE4gBFOZulGynYw=="
    },
    "node_modules/fsevents": {
      "version": "2.3.2",
      "resolved": "https://registry.npmjs.org/fsevents/-/fsevents-2.3.2.tgz",
      "integrity": "sha512-xiqMQR4xAeHTuB9uWm+fFRcIOgKBMiOBP+eXiyT7jsgVCq1bkVygt00oASowB7EdtpOHaaPgKt812P9ab+DDKA==",
      "dev": true,
      "hasInstallScript": true,
      "license": "MIT",
      "optional": true,
      "os": [
        "darwin"
      ],
      "engines": {
        "node": "^8.16.0 || ^10.6.0 || >=11.0.0"
      }
    },
    "node_modules/mount-observer": {
      "version": "0.0.102",
      "resolved": "https://registry.npmjs.org/mount-observer/-/mount-observer-0.0.102.tgz",
      "integrity": "sha512-nq10psatsKhYwe5Ps8shSmMwMxlpQCMQbOVVtCPWLDOgwtFnUwFmey8N0XpGck3wC6M0Q8INlF/Wl2zFD0y0tg==",
      "license": "MIT"
    },
    "node_modules/playwright": {
      "version": "1.55.0",
      "resolved": "https://registry.npmjs.org/playwright/-/playwright-1.55.0.tgz",
      "integrity": "sha512-sdCWStblvV1YU909Xqx0DhOjPZE4/5lJsIS84IfN9dAZfcl/CIZ5O8l3o0j7hPMjDvqoTF8ZUcc+i/GL5erstA==",
      "dev": true,
      "license": "Apache-2.0",
      "dependencies": {
        "playwright-core": "1.55.0"
      },
      "bin": {
        "playwright": "cli.js"
      },
      "engines": {
        "node": ">=18"
      },
      "optionalDependencies": {
        "fsevents": "2.3.2"
      }
    },
    "node_modules/playwright-core": {
      "version": "1.55.0",
      "resolved": "https://registry.npmjs.org/playwright-core/-/playwright-core-1.55.0.tgz",
      "integrity": "sha512-GvZs4vU3U5ro2nZpeiwyb0zuFaqb9sUiAJuyrWpcGouD8y9/HLgGbNRjIph7zU9D3hnPaisMl9zG9CgFi/biIg==",
      "dev": true,
      "license": "Apache-2.0",
      "bin": {
        "playwright-core": "cli.js"
      },
      "engines": {
        "node": ">=18"
      }
    },
    "node_modules/spa-ssi": {
      "version": "0.0.10",
      "resolved": "https://registry.npmjs.org/spa-ssi/-/spa-ssi-0.0.10.tgz",
      "integrity": "sha512-ePkAnDIOBXdY/GXycjhL9zejmhBE7joAmLBdyBdpkRuVZyyiP9XU9DuQwmtgCTEMR+X0X73oD1t20AyKf+FULQ==",
      "dev": true,
      "license": "MIT"
    },
    "node_modules/trans-render": {
      "version": "0.0.958",
      "resolved": "https://registry.npmjs.org/trans-render/-/trans-render-0.0.958.tgz",
      "integrity": "sha512-OlPKCCaMcuj3gg4iUrZIyrRQ69wqsi/sEYXxbz5unyQUSb5RfDzHyLPM5Mdok+vf9pX81jAPjIxcVRXtl3WQgQ==",
      "license": "MIT",
      "dependencies": {
        "mount-observer": "0.0.102"
      }
    }
  }
}
