{
  "name": "xtal-element",
  "version": "0.0.70",
  "lockfileVersion": 1,
  "requires": true,
  "dependencies": {
    "event-switch": {
      "version": "0.0.12",
      "resolved": "https://registry.npmjs.org/event-switch/-/event-switch-0.0.12.tgz",
      "integrity": "sha512-T4ZNewAhMsLkurklQwzznYsz7MHqhriwZHxYFLRHY+TfIbSTAOoB1IO4QibezD2D7HEdQnIb99v+eSV2N4KIbg=="
    },
    "trans-render": {
      "version": "0.0.125",
      "resolved": "https://registry.npmjs.org/trans-render/-/trans-render-0.0.125.tgz",
      "integrity": "sha512-q5BL63+x4JhOKUsycGD1UbjFjyI+tJgRsmWItG1njsSope0hsB+kUhngPXoOYxPVnV2xKe32WUI0jfeXu0g7aQ=="
    }
  }
}
