{
  "name": "xtal-element",
  "version": "0.0.637",
  "lockfileVersion": 3,
  "requires": true,
  "packages": {
    "": {
      "name": "xtal-element",
      "version": "0.0.637",
      "license": "MIT",
      "dependencies": {
        "blow-dry": "0.0.15",
        "trans-render": "0.0.960"
      },
      "devDependencies": {
        "@playwright/test": "1.56.1",
        "spa-ssi": "0.0.23"
      }
    },
    "node_modules/@playwright/test": {
      "version": "1.56.1",
      "resolved": "https://registry.npmjs.org/@playwright/test/-/test-1.56.1.tgz",
      "integrity": "sha512-vSMYtL/zOcFpvJCW71Q/OEGQb7KYBPAdKh35WNSkaZA75JlAO8ED8UN6GUNTm3drWomcbcqRPFqQbLae8yBTdg==",
      "dev": true,
      "license": "Apache-2.0",
      "dependencies": {
        "playwright": "1.56.1"
      },
      "bin": {
        "playwright": "cli.js"
      },
      "engines": {
        "node": ">=18"
      }
    },
    "node_modules/blow-dry": {
      "version": "0.0.15",
      "resolved": "https://registry.npmjs.org/blow-dry/-/blow-dry-0.0.15.tgz",
      "integrity": "sha512-KTwLLOYfQ4f1Hw7qlJsFObBkAEqsLqMNwFSQO1VKLPG3Q5aUxNVk5q9ynOtd49DMlRQGPgBZDwZr/SrkQyZQyg==",
      "license": "MIT",
      "dependencies": {
        "mount-observer": "0.0.105"
      }
    },
    "node_modules/fsevents": {
      "version": "2.3.2",
      "resolved": "https://registry.npmjs.org/fsevents/-/fsevents-2.3.2.tgz",
      "integrity": "sha512-xiqMQR4xAeHTuB9uWm+fFRcIOgKBMiOBP+eXiyT7jsgVCq1bkVygt00oASowB7EdtpOHaaPgKt812P9ab+DDKA==",
      "dev": true,
      "hasInstallScript": true,
      "license": "MIT",
      "optional": true,
      "os": [
        "darwin"
      ],
      "engines": {
        "node": "^8.16.0 || ^10.6.0 || >=11.0.0"
      }
    },
    "node_modules/mount-observer": {
      "version": "0.0.105",
      "resolved": "https://registry.npmjs.org/mount-observer/-/mount-observer-0.0.105.tgz",
      "integrity": "sha512-CC50i6eO3wbmjzVvUPcOcyJ7O2wggRiOrC3TO4LGLkJaiJQGWkfr8pX/4rqi+mY2PK96uPjGd1mhAwS1tEEvHQ==",
      "license": "MIT"
    },
    "node_modules/playwright": {
      "version": "1.56.1",
      "resolved": "https://registry.npmjs.org/playwright/-/playwright-1.56.1.tgz",
      "integrity": "sha512-aFi5B0WovBHTEvpM3DzXTUaeN6eN0qWnTkKx4NQaH4Wvcmc153PdaY2UBdSYKaGYw+UyWXSVyxDUg5DoPEttjw==",
      "dev": true,
      "license": "Apache-2.0",
      "dependencies": {
        "playwright-core": "1.56.1"
      },
      "bin": {
        "playwright": "cli.js"
      },
      "engines": {
        "node": ">=18"
      },
      "optionalDependencies": {
        "fsevents": "2.3.2"
      }
    },
    "node_modules/playwright-core": {
      "version": "1.56.1",
      "resolved": "https://registry.npmjs.org/playwright-core/-/playwright-core-1.56.1.tgz",
      "integrity": "sha512-hutraynyn31F+Bifme+Ps9Vq59hKuUCz7H1kDOcBs+2oGguKkWTU50bBWrtz34OUWmIwpBTWDxaRPXrIXkgvmQ==",
      "dev": true,
      "license": "Apache-2.0",
      "bin": {
        "playwright-core": "cli.js"
      },
      "engines": {
        "node": ">=18"
      }
    },
    "node_modules/spa-ssi": {
      "version": "0.0.23",
      "resolved": "https://registry.npmjs.org/spa-ssi/-/spa-ssi-0.0.23.tgz",
      "integrity": "sha512-lNsSvh0TR67srLVxmPuc5nfI944fZNdrppG6ZqF19K+F5QQfVng/hfZLYQygwFljtD/ah7oPY7xG7os+FzyYwQ==",
      "dev": true,
      "license": "MIT"
    },
    "node_modules/trans-render": {
      "version": "0.0.960",
      "resolved": "https://registry.npmjs.org/trans-render/-/trans-render-0.0.960.tgz",
      "integrity": "sha512-Z3j27xwGj9NV9KnFbNbRN1DYJkHtsu0BuJEg9fw2W7QBxjcv/YGePqU+j0TGEHxTwzsgZ95LxD8QC2iPxnJdCw==",
      "license": "MIT",
      "dependencies": {
        "mount-observer": "0.0.105"
      }
    }
  }
}
